
Microsoft Visual Studio Solution File, Format Version 12.00
# Visual Studio 15
VisualStudioVersion = 15.0.28010.2048
MinimumVisualStudioVersion = 10.0.40219.1
Project("{FAE04EC0-301F-11D3-BF4B-00C04F79EFBC}") = "BL", "BL\BL.csproj", "{E1A51F13-4518-4C37-A67B-ED15115DCDA6}"
EndProject
Project("{FAE04EC0-301F-11D3-BF4B-00C04F79EFBC}") = "Common", "Common\Common.csproj", "{B22D5EC1-88B1-48E8-B4F5-1A0B5777FC88}"
EndProject
Project("{FAE04EC0-301F-11D3-BF4B-00C04F79EFBC}") = "DAL", "DAL\DAL.csproj", "{59CD1CDA-13F6-46BE-BA98-7E45B7E9D264}"
EndProject
Project("{FAE04EC0-301F-11D3-BF4B-00C04F79EFBC}") = "Torrent_Client_Side", "Torrent_Client_Side\Torrent_Client_Side.csproj", "{BF59E4F4-DD8A-48A1-9970-64879D816979}"
EndProject
Project("{FAE04EC0-301F-11D3-BF4B-00C04F79EFBC}") = "WebPortal", "WebPortal\WebPortal.csproj", "{DDCAFC1D-8890-4200-A8F6-F1855E762986}"
EndProject
Project("{FAE04EC0-301F-11D3-BF4B-00C04F79EFBC}") = "TorrentzServerSide", "TorrentzServerSide\TorrentzServerSide.csproj", "{606F517B-A4AE-403F-B5E4-2E051548D1E0}"
EndProject
Project("{FAE04EC0-301F-11D3-BF4B-00C04F79EFBC}") = "Proxy", "ClassLibrary1\Proxy.csproj", "{B37DC35F-9AD8-4C15-B48B-77FCE69C44EA}"
EndProject
Global
	GlobalSection(SolutionConfigurationPlatforms) = preSolution
		Debug|Any CPU = Debug|Any CPU
		Release|Any CPU = Release|Any CPU
	EndGlobalSection
	GlobalSection(ProjectConfigurationPlatforms) = postSolution
		{E1A51F13-4518-4C37-A67B-ED15115DCDA6}.Debug|Any CPU.ActiveCfg = Debug|Any CPU
		{E1A51F13-4518-4C37-A67B-ED15115DCDA6}.Debug|Any CPU.Build.0 = Debug|Any CPU
		{E1A51F13-4518-4C37-A67B-ED15115DCDA6}.Release|Any CPU.ActiveCfg = Release|Any CPU
		{E1A51F13-4518-4C37-A67B-ED15115DCDA6}.Release|Any CPU.Build.0 = Release|Any CPU
		{B22D5EC1-88B1-48E8-B4F5-1A0B5777FC88}.Debug|Any CPU.ActiveCfg = Debug|Any CPU
		{B22D5EC1-88B1-48E8-B4F5-1A0B5777FC88}.Debug|Any CPU.Build.0 = Debug|Any CPU
		{B22D5EC1-88B1-48E8-B4F5-1A0B5777FC88}.Release|Any CPU.ActiveCfg = Release|Any CPU
		{B22D5EC1-88B1-48E8-B4F5-1A0B5777FC88}.Release|Any CPU.Build.0 = Release|Any CPU
		{59CD1CDA-13F6-46BE-BA98-7E45B7E9D264}.Debug|Any CPU.ActiveCfg = Debug|Any CPU
		{59CD1CDA-13F6-46BE-BA98-7E45B7E9D264}.Debug|Any CPU.Build.0 = Debug|Any CPU
		{59CD1CDA-13F6-46BE-BA98-7E45B7E9D264}.Release|Any CPU.ActiveCfg = Release|Any CPU
		{59CD1CDA-13F6-46BE-BA98-7E45B7E9D264}.Release|Any CPU.Build.0 = Release|Any CPU
		{BF59E4F4-DD8A-48A1-9970-64879D816979}.Debug|Any CPU.ActiveCfg = Debug|Any CPU
		{BF59E4F4-DD8A-48A1-9970-64879D816979}.Debug|Any CPU.Build.0 = Debug|Any CPU
		{BF59E4F4-DD8A-48A1-9970-64879D816979}.Release|Any CPU.ActiveCfg = Release|Any CPU
		{BF59E4F4-DD8A-48A1-9970-64879D816979}.Release|Any CPU.Build.0 = Release|Any CPU
		{DDCAFC1D-8890-4200-A8F6-F1855E762986}.Debug|Any CPU.ActiveCfg = Debug|Any CPU
		{DDCAFC1D-8890-4200-A8F6-F1855E762986}.Debug|Any CPU.Build.0 = Debug|Any CPU
		{DDCAFC1D-8890-4200-A8F6-F1855E762986}.Release|Any CPU.ActiveCfg = Release|Any CPU
		{DDCAFC1D-8890-4200-A8F6-F1855E762986}.Release|Any CPU.Build.0 = Release|Any CPU
		{606F517B-A4AE-403F-B5E4-2E051548D1E0}.Debug|Any CPU.ActiveCfg = Debug|Any CPU
		{606F517B-A4AE-403F-B5E4-2E051548D1E0}.Debug|Any CPU.Build.0 = Debug|Any CPU
		{606F517B-A4AE-403F-B5E4-2E051548D1E0}.Release|Any CPU.ActiveCfg = Release|Any CPU
		{606F517B-A4AE-403F-B5E4-2E051548D1E0}.Release|Any CPU.Build.0 = Release|Any CPU
		{B37DC35F-9AD8-4C15-B48B-77FCE69C44EA}.Debug|Any CPU.ActiveCfg = Debug|Any CPU
		{B37DC35F-9AD8-4C15-B48B-77FCE69C44EA}.Debug|Any CPU.Build.0 = Debug|Any CPU
		{B37DC35F-9AD8-4C15-B48B-77FCE69C44EA}.Release|Any CPU.ActiveCfg = Release|Any CPU
		{B37DC35F-9AD8-4C15-B48B-77FCE69C44EA}.Release|Any CPU.Build.0 = Release|Any CPU
	EndGlobalSection
	GlobalSection(SolutionProperties) = preSolution
		HideSolutionNode = FALSE
	EndGlobalSection
	GlobalSection(ExtensibilityGlobals) = postSolution
		SolutionGuid = {9B09D679-6CFF-419E-B04B-787BD5B60BB6}
	EndGlobalSection
EndGlobal
